<?xml version="1.0" encoding="UTF-8" standalone="yes" ?>
<CodeBlocks_project_file>
	<FileVersion major="1" minor="6" />
	<Project>
		<Option title="cbDiff for Unix" />
		<Option pch_mode="2" />
		<Option compiler="gcc" />
		<Build>
			<Target title="Unix">
				<Option output="bin/unix/debug/cbDiff" prefix_auto="0" extension_auto="1" />
				<Option object_output=".objs/unix/debug" />
				<Option type="3" />
				<Option compiler="gcc" />
				<Option host_application="codeblocks" />
				<Compiler>
					<Add option="-std=c++11" />
					<Add option="-Wall" />
					<Add option="-g" />
					<Add option="`pkg-config --cflags codeblocks`" />
					<Add option="`wx-config --cflags`" />
					<Add option="-fPIC" />
					<Add option="-DEXPORT_FUNC" />
				</Compiler>
				<Linker>
					<Add option="`pkg-config --libs codeblocks`" />
					<Add option="`wx-config --libs`" />
				</Linker>
				<ExtraCommands>
					<Add after="zip -j9 $(TARGET_OUTPUT_DIR)$(TARGET_OUTPUT_BASENAME).zip manifest.xml" />
					<Add after="zip -j9 $(TARGET_OUTPUT_DIR)$(TARGET_OUTPUT_BASENAME).cbplugin $(TARGET_OUTPUT_FILE) $(TARGET_OUTPUT_DIR)$(TARGET_OUTPUT_BASENAME).zip" />
					<Mode after="always" />
				</ExtraCommands>
			</Target>
			<Target title="Unix-release">
				<Option output="bin/unix/release/cbDiff" prefix_auto="0" extension_auto="1" />
				<Option object_output=".objs/unix/release" />
				<Option type="3" />
				<Option compiler="gcc" />
				<Option host_application="codeblocks" />
				<Compiler>
					<Add option="-std=c++11" />
					<Add option="-Wall" />
					<Add option="-O2" />
					<Add option="`pkg-config --cflags codeblocks`" />
					<Add option="`wx-config --cflags`" />
					<Add option="-fPIC" />
					<Add option="-DEXPORT_FUNC" />
				</Compiler>
				<Linker>
					<Add option="-s" />
					<Add option="`pkg-config --libs codeblocks`" />
					<Add option="`wx-config --libs`" />
				</Linker>
				<ExtraCommands>
					<Add after="zip -j9 $(TARGET_OUTPUT_DIR)$(TARGET_OUTPUT_BASENAME).zip manifest.xml" />
					<Add after="zip -j9 $(TARGET_OUTPUT_DIR)$(TARGET_OUTPUT_BASENAME).cbplugin $(TARGET_OUTPUT_FILE) $(TARGET_OUTPUT_DIR)$(TARGET_OUTPUT_BASENAME).zip" />
					<Mode after="always" />
				</ExtraCommands>
			</Target>
			<Target title="src-release">
				<Option output="cbDiff" prefix_auto="1" extension_auto="1" />
				<Option type="0" />
				<Option compiler="gcc" />
				<ExtraCommands>
					<Add after="zip -j9 cbDiff_1.01.1-src.zip src/*" />
					<Add after="zip -j9 cbDiff_1.01.1-src.zip wxsmith/*" />
					<Add after="zip -j9 cbDiff_1.01.1-src.zip dtl-1.12/*" />
					<Add after="zip -j9 cbDiff_1.01.1-src.zip images/*" />
					<Add after="zip -j9 cbDiff_1.01.1-src.zip cbDiff.cbp" />
					<Add after="zip -j9 cbDiff_1.01.1-src.zip cbDiff-unix.cbp" />
					<Add after="zip -j9 cbDiff_1.01.1-src.zip COPYING" />
					<Add after="zip -j9 cbDiff_1.01.1-src.zip manifest.xml" />
					<Add after="zip -j9 cbDiff_1.01.1-src.zip README" />
					<Mode after="always" />
				</ExtraCommands>
			</Target>
		</Build>
		<Unit filename="images/reload.h">
			<Option target="Unix" />
			<Option target="Unix-release" />
		</Unit>
		<Unit filename="images/sidebyside.h">
			<Option target="Unix" />
			<Option target="Unix-release" />
		</Unit>
		<Unit filename="images/swap.h">
			<Option target="Unix" />
			<Option target="Unix-release" />
		</Unit>
		<Unit filename="images/table.h">
			<Option target="Unix" />
			<Option target="Unix-release" />
		</Unit>
		<Unit filename="images/unified.h">
			<Option target="Unix" />
			<Option target="Unix-release" />
		</Unit>
		<Unit filename="manifest.xml">
			<Option target="Unix" />
			<Option target="Unix-release" />
		</Unit>
		<Unit filename="src/cbDiff.cpp">
			<Option target="Unix" />
			<Option target="Unix-release" />
		</Unit>
		<Unit filename="src/cbDiff.h">
			<Option target="Unix" />
			<Option target="Unix-release" />
		</Unit>
		<Unit filename="src/cbDiffConfigPanel.cpp">
			<Option target="Unix" />
			<Option target="Unix-release" />
		</Unit>
		<Unit filename="src/cbDiffConfigPanel.h">
			<Option target="Unix" />
			<Option target="Unix-release" />
		</Unit>
		<Unit filename="src/cbDiffCtrl.cpp">
			<Option target="Unix" />
			<Option target="Unix-release" />
		</Unit>
		<Unit filename="src/cbDiffCtrl.h">
			<Option target="Unix" />
			<Option target="Unix-release" />
		</Unit>
		<Unit filename="src/cbDiffEditor.cpp">
			<Option target="Unix" />
			<Option target="Unix-release" />
		</Unit>
		<Unit filename="src/cbDiffEditor.h">
			<Option target="Unix" />
			<Option target="Unix-release" />
		</Unit>
		<Unit filename="src/cbDiffMenu.cpp">
			<Option target="Unix" />
			<Option target="Unix-release" />
		</Unit>
		<Unit filename="src/cbDiffMenu.h">
			<Option target="Unix" />
			<Option target="Unix-release" />
		</Unit>
		<Unit filename="src/cbDiffSelectFiles.cpp">
			<Option target="Unix" />
			<Option target="Unix-release" />
		</Unit>
		<Unit filename="src/cbDiffSelectFiles.h">
			<Option target="Unix" />
			<Option target="Unix-release" />
		</Unit>
		<Unit filename="src/cbDiffToolbar.cpp">
			<Option target="Unix" />
			<Option target="Unix-release" />
		</Unit>
		<Unit filename="src/cbDiffToolbar.h">
			<Option target="Unix" />
			<Option target="Unix-release" />
		</Unit>
		<Unit filename="src/cbDiffUtils.cpp">
			<Option target="Unix" />
			<Option target="Unix-release" />
		</Unit>
		<Unit filename="src/cbDiffUtils.h">
			<Option target="Unix" />
			<Option target="Unix-release" />
		</Unit>
		<Unit filename="src/cbSideBySideCtrl.cpp">
			<Option target="Unix" />
			<Option target="Unix-release" />
		</Unit>
		<Unit filename="src/cbSideBySideCtrl.h">
			<Option target="Unix" />
			<Option target="Unix-release" />
		</Unit>
		<Unit filename="src/cbTableCtrl.cpp">
			<Option target="Unix" />
			<Option target="Unix-release" />
		</Unit>
		<Unit filename="src/cbTableCtrl.h">
			<Option target="Unix" />
			<Option target="Unix-release" />
		</Unit>
		<Unit filename="src/cbUnifiedCtrl.cpp">
			<Option target="Unix" />
			<Option target="Unix-release" />
		</Unit>
		<Unit filename="src/cbUnifiedCtrl.h">
			<Option target="Unix" />
			<Option target="Unix-release" />
		</Unit>
		<Unit filename="src/wxDiff.cpp">
			<Option target="Unix" />
			<Option target="Unix-release" />
		</Unit>
		<Unit filename="src/wxDiff.h">
			<Option target="Unix" />
			<Option target="Unix-release" />
		</Unit>
		<Unit filename="wxsmith/cbDiffConfigPanel.wxs">
			<Option target="Unix" />
			<Option target="Unix-release" />
		</Unit>
		<Unit filename="wxsmith/cbDiffSelectFiles.wxs">
			<Option target="Unix" />
			<Option target="Unix-release" />
		</Unit>
		<Extensions>
			<envvars />
			<code_completion />
			<debugger />
			<lib_finder disable_auto="1" />
			<wxsmith version="1">
				<resources>
					<wxPanel wxs="wxsmith/cbDiffConfigPanel.wxs" src="cbDiffConfigPanel.cpp" hdr="cbDiffConfigPanel.h" fwddecl="1" i18n="1" name="cbDiffConfigPanel" language="CPP" />
					<wxDialog wxs="wxsmith/cbDiffSelectFiles.wxs" src="cbDiffSelectFiles.cpp" hdr="cbDiffSelectFiles.h" fwddecl="1" i18n="1" name="cbDiffSelectFiles" language="CPP" />
				</resources>
			</wxsmith>
			<DoxyBlocks>
				<comment_style block="0" line="0" />
				<doxyfile_project />
				<doxyfile_build />
				<doxyfile_warnings />
				<doxyfile_output />
				<doxyfile_dot />
				<general />
			</DoxyBlocks>
		</Extensions>
	</Project>
</CodeBlocks_project_file>
